
Microsoft Visual Studio Solution File, Format Version 12.00
Project("{FAE04EC0-301F-11D3-BF4B-00C04F79EFBC}") = "Arch2", "Arch2\Arch2.csproj", "{5053E525-8E37-4DAF-9F5D-2F148147B330}"
EndProject
Global
	GlobalSection(SolutionConfigurationPlatforms) = preSolution
		Debug|Any CPU = Debug|Any CPU
		Release|Any CPU = Release|Any CPU
	EndGlobalSection
	GlobalSection(ProjectConfigurationPlatforms) = postSolution
		{5053E525-8E37-4DAF-9F5D-2F148147B330}.Debug|Any CPU.ActiveCfg = Debug|Any CPU
		{5053E525-8E37-4DAF-9F5D-2F148147B330}.Debug|Any CPU.Build.0 = Debug|Any CPU
		{5053E525-8E37-4DAF-9F5D-2F148147B330}.Release|Any CPU.ActiveCfg = Release|Any CPU
		{5053E525-8E37-4DAF-9F5D-2F148147B330}.Release|Any CPU.Build.0 = Release|Any CPU
	EndGlobalSection
EndGlobal
